
Microsoft Visual Studio Solution File, Format Version 12.00
# Visual Studio Version 17
VisualStudioVersion = 17.8.34330.188
MinimumVisualStudioVersion = 10.0.40219.1
Project("{FAE04EC0-301F-11D3-BF4B-00C04F79EFBC}") = "Lab4", "Lab4.csproj", "{690BB864-8B07-45F5-A4A9-38DDCE055138}"
EndProject
Global
	GlobalSection(SolutionConfigurationPlatforms) = preSolution
		Debug|Any CPU = Debug|Any CPU
		Release|Any CPU = Release|Any CPU
	EndGlobalSection
	GlobalSection(ProjectConfigurationPlatforms) = postSolution
		{690BB864-8B07-45F5-A4A9-38DDCE055138}.Debug|Any CPU.ActiveCfg = Debug|Any CPU
		{690BB864-8B07-45F5-A4A9-38DDCE055138}.Debug|Any CPU.Build.0 = Debug|Any CPU
		{690BB864-8B07-45F5-A4A9-38DDCE055138}.Release|Any CPU.ActiveCfg = Release|Any CPU
		{690BB864-8B07-45F5-A4A9-38DDCE055138}.Release|Any CPU.Build.0 = Release|Any CPU
	EndGlobalSection
	GlobalSection(SolutionProperties) = preSolution
		HideSolutionNode = FALSE
	EndGlobalSection
	GlobalSection(ExtensibilityGlobals) = postSolution
		SolutionGuid = {AAB51F9F-FE41-4AAC-8486-DF72A6E3F577}
	EndGlobalSection
EndGlobal
